
Microsoft Visual Studio Solution File, Format Version 12.00
# Visual Studio Version 16
VisualStudioVersion = 16.0.31702.278
MinimumVisualStudioVersion = 10.0.40219.1
Project("{FAE04EC0-301F-11D3-BF4B-00C04F79EFBC}") = "WebApplication4", "WebApplication4\WebApplication4.csproj", "{C860BF75-0B5B-46DA-B6DE-B72B4EFD35E8}"
EndProject
Global
	GlobalSection(SolutionConfigurationPlatforms) = preSolution
		Debug|Any CPU = Debug|Any CPU
		Release|Any CPU = Release|Any CPU
	EndGlobalSection
	GlobalSection(ProjectConfigurationPlatforms) = postSolution
		{C860BF75-0B5B-46DA-B6DE-B72B4EFD35E8}.Debug|Any CPU.ActiveCfg = Debug|Any CPU
		{C860BF75-0B5B-46DA-B6DE-B72B4EFD35E8}.Debug|Any CPU.Build.0 = Debug|Any CPU
		{C860BF75-0B5B-46DA-B6DE-B72B4EFD35E8}.Release|Any CPU.ActiveCfg = Release|Any CPU
		{C860BF75-0B5B-46DA-B6DE-B72B4EFD35E8}.Release|Any CPU.Build.0 = Release|Any CPU
	EndGlobalSection
	GlobalSection(SolutionProperties) = preSolution
		HideSolutionNode = FALSE
	EndGlobalSection
	GlobalSection(ExtensibilityGlobals) = postSolution
		SolutionGuid = {90A7D2AA-86C2-4066-948B-888FBA2A1B61}
	EndGlobalSection
EndGlobal
